{
    "hash": "f12531f5570ef6da80dc96b662e5150f",
    "packages": [
        {
            "package": "zetacomponents/base",
            "version": "dev-master",
            "source-reference": "d6f1d9179ebe56637b559570b0258b83b6a57554"
        }
    ],
    "packages-dev": [

    ],
    "aliases": [

    ],
    "minimum-stability": "dev",
    "stability-flags": [

    ]
}
